
Microsoft Visual Studio Solution File, Format Version 12.00
# Visual Studio Version 17
VisualStudioVersion = 17.0.31903.59
MinimumVisualStudioVersion = 10.0.40219.1
Project("{FAE04EC0-301F-11D3-BF4B-00C04F79EFBC}") = "Eshop.Server.Api", "Eshop.Server.Api\Eshop.Server.Api.csproj", "{0E9444B9-F912-D2D8-8C08-F3922F0442FF}"
EndProject
Project("{FAE04EC0-301F-11D3-BF4B-00C04F79EFBC}") = "Eshop.Server.Application", "Eshop.Server.Application\Eshop.Server.Application.csproj", "{18424BBE-510C-3701-9DD8-111C476C4A7E}"
EndProject
Project("{FAE04EC0-301F-11D3-BF4B-00C04F79EFBC}") = "Eshop.Server.Domain", "Eshop.Server.Domain\Eshop.Server.Domain.csproj", "{A870C008-A36E-0D73-F6E0-E0E22E5BBF7A}"
EndProject
Project("{FAE04EC0-301F-11D3-BF4B-00C04F79EFBC}") = "Eshop.Server.Infrastructure", "Eshop.Server.Infrastructure\Eshop.Server.Infrastructure.csproj", "{5F59C913-8251-B76A-0B2D-0FE8C30E4395}"
EndProject
Global
	GlobalSection(SolutionConfigurationPlatforms) = preSolution
		Debug|Any CPU = Debug|Any CPU
		Release|Any CPU = Release|Any CPU
	EndGlobalSection
	GlobalSection(ProjectConfigurationPlatforms) = postSolution
		{0E9444B9-F912-D2D8-8C08-F3922F0442FF}.Debug|Any CPU.ActiveCfg = Debug|Any CPU
		{0E9444B9-F912-D2D8-8C08-F3922F0442FF}.Debug|Any CPU.Build.0 = Debug|Any CPU
		{0E9444B9-F912-D2D8-8C08-F3922F0442FF}.Release|Any CPU.ActiveCfg = Release|Any CPU
		{0E9444B9-F912-D2D8-8C08-F3922F0442FF}.Release|Any CPU.Build.0 = Release|Any CPU
		{18424BBE-510C-3701-9DD8-111C476C4A7E}.Debug|Any CPU.ActiveCfg = Debug|Any CPU
		{18424BBE-510C-3701-9DD8-111C476C4A7E}.Debug|Any CPU.Build.0 = Debug|Any CPU
		{18424BBE-510C-3701-9DD8-111C476C4A7E}.Release|Any CPU.ActiveCfg = Release|Any CPU
		{18424BBE-510C-3701-9DD8-111C476C4A7E}.Release|Any CPU.Build.0 = Release|Any CPU
		{A870C008-A36E-0D73-F6E0-E0E22E5BBF7A}.Debug|Any CPU.ActiveCfg = Debug|Any CPU
		{A870C008-A36E-0D73-F6E0-E0E22E5BBF7A}.Debug|Any CPU.Build.0 = Debug|Any CPU
		{A870C008-A36E-0D73-F6E0-E0E22E5BBF7A}.Release|Any CPU.ActiveCfg = Release|Any CPU
		{A870C008-A36E-0D73-F6E0-E0E22E5BBF7A}.Release|Any CPU.Build.0 = Release|Any CPU
		{5F59C913-8251-B76A-0B2D-0FE8C30E4395}.Debug|Any CPU.ActiveCfg = Debug|Any CPU
		{5F59C913-8251-B76A-0B2D-0FE8C30E4395}.Debug|Any CPU.Build.0 = Debug|Any CPU
		{5F59C913-8251-B76A-0B2D-0FE8C30E4395}.Release|Any CPU.ActiveCfg = Release|Any CPU
		{5F59C913-8251-B76A-0B2D-0FE8C30E4395}.Release|Any CPU.Build.0 = Release|Any CPU
	EndGlobalSection
	GlobalSection(SolutionProperties) = preSolution
		HideSolutionNode = FALSE
	EndGlobalSection
	GlobalSection(ExtensibilityGlobals) = postSolution
		SolutionGuid = {2BC27F26-A8C9-4D6B-B552-FBEECE28110E}
	EndGlobalSection
EndGlobal
